
Microsoft Visual Studio Solution File, Format Version 12.00
# Visual Studio 15
VisualStudioVersion = 15.0.27428.2015
MinimumVisualStudioVersion = 10.0.40219.1
Project("{FAE04EC0-301F-11D3-BF4B-00C04F79EFBC}") = "Top10MobyDick", "Top10MobyDick\Top10MobyDick.csproj", "{D295528C-1DCA-4E73-89AD-9E3C172FC130}"
EndProject
Project("{FAE04EC0-301F-11D3-BF4B-00C04F79EFBC}") = "TestTop10", "TestTop10\TestTop10.csproj", "{0C3C0615-E5B5-430E-BFCA-DDFA37BB708D}"
EndProject
Global
	GlobalSection(SolutionConfigurationPlatforms) = preSolution
		Debug|Any CPU = Debug|Any CPU
		Release|Any CPU = Release|Any CPU
	EndGlobalSection
	GlobalSection(ProjectConfigurationPlatforms) = postSolution
		{D295528C-1DCA-4E73-89AD-9E3C172FC130}.Debug|Any CPU.ActiveCfg = Debug|Any CPU
		{D295528C-1DCA-4E73-89AD-9E3C172FC130}.Debug|Any CPU.Build.0 = Debug|Any CPU
		{D295528C-1DCA-4E73-89AD-9E3C172FC130}.Release|Any CPU.ActiveCfg = Release|Any CPU
		{D295528C-1DCA-4E73-89AD-9E3C172FC130}.Release|Any CPU.Build.0 = Release|Any CPU
		{0C3C0615-E5B5-430E-BFCA-DDFA37BB708D}.Debug|Any CPU.ActiveCfg = Debug|Any CPU
		{0C3C0615-E5B5-430E-BFCA-DDFA37BB708D}.Debug|Any CPU.Build.0 = Debug|Any CPU
		{0C3C0615-E5B5-430E-BFCA-DDFA37BB708D}.Release|Any CPU.ActiveCfg = Release|Any CPU
		{0C3C0615-E5B5-430E-BFCA-DDFA37BB708D}.Release|Any CPU.Build.0 = Release|Any CPU
	EndGlobalSection
	GlobalSection(SolutionProperties) = preSolution
		HideSolutionNode = FALSE
	EndGlobalSection
	GlobalSection(ExtensibilityGlobals) = postSolution
		SolutionGuid = {F5D40A1E-EC19-4197-862E-68DAD98612A1}
	EndGlobalSection
EndGlobal
